
Microsoft Visual Studio Solution File, Format Version 12.00
# Visual Studio Version 16
VisualStudioVersion = 16.0.32630.194
MinimumVisualStudioVersion = 10.0.40219.1
Project("{8BC9CEB8-8B4A-11D0-8D11-00A0C91BC942}") = "23", "23\23.vcxproj", "{BB6F884E-B49B-48F0-9148-21454BBA1B88}"
EndProject
Global
	GlobalSection(SolutionConfigurationPlatforms) = preSolution
		Debug|x64 = Debug|x64
		Debug|x86 = Debug|x86
		Release|x64 = Release|x64
		Release|x86 = Release|x86
	EndGlobalSection
	GlobalSection(ProjectConfigurationPlatforms) = postSolution
		{BB6F884E-B49B-48F0-9148-21454BBA1B88}.Debug|x64.ActiveCfg = Debug|x64
		{BB6F884E-B49B-48F0-9148-21454BBA1B88}.Debug|x64.Build.0 = Debug|x64
		{BB6F884E-B49B-48F0-9148-21454BBA1B88}.Debug|x86.ActiveCfg = Debug|Win32
		{BB6F884E-B49B-48F0-9148-21454BBA1B88}.Debug|x86.Build.0 = Debug|Win32
		{BB6F884E-B49B-48F0-9148-21454BBA1B88}.Release|x64.ActiveCfg = Release|x64
		{BB6F884E-B49B-48F0-9148-21454BBA1B88}.Release|x64.Build.0 = Release|x64
		{BB6F884E-B49B-48F0-9148-21454BBA1B88}.Release|x86.ActiveCfg = Release|Win32
		{BB6F884E-B49B-48F0-9148-21454BBA1B88}.Release|x86.Build.0 = Release|Win32
	EndGlobalSection
	GlobalSection(SolutionProperties) = preSolution
		HideSolutionNode = FALSE
	EndGlobalSection
	GlobalSection(ExtensibilityGlobals) = postSolution
		SolutionGuid = {9EFA6369-E628-4E90-997B-A82346E668E2}
	EndGlobalSection
EndGlobal
