
Microsoft Visual Studio Solution File, Format Version 12.00
# Visual Studio Version 16
VisualStudioVersion = 16.0.32630.194
MinimumVisualStudioVersion = 10.0.40219.1
Project("{8BC9CEB8-8B4A-11D0-8D11-00A0C91BC942}") = "15", "15\15.vcxproj", "{B749D347-9AA4-4DD7-8092-7EC484D4862F}"
EndProject
Global
	GlobalSection(SolutionConfigurationPlatforms) = preSolution
		Debug|x64 = Debug|x64
		Debug|x86 = Debug|x86
		Release|x64 = Release|x64
		Release|x86 = Release|x86
	EndGlobalSection
	GlobalSection(ProjectConfigurationPlatforms) = postSolution
		{B749D347-9AA4-4DD7-8092-7EC484D4862F}.Debug|x64.ActiveCfg = Debug|x64
		{B749D347-9AA4-4DD7-8092-7EC484D4862F}.Debug|x64.Build.0 = Debug|x64
		{B749D347-9AA4-4DD7-8092-7EC484D4862F}.Debug|x86.ActiveCfg = Debug|Win32
		{B749D347-9AA4-4DD7-8092-7EC484D4862F}.Debug|x86.Build.0 = Debug|Win32
		{B749D347-9AA4-4DD7-8092-7EC484D4862F}.Release|x64.ActiveCfg = Release|x64
		{B749D347-9AA4-4DD7-8092-7EC484D4862F}.Release|x64.Build.0 = Release|x64
		{B749D347-9AA4-4DD7-8092-7EC484D4862F}.Release|x86.ActiveCfg = Release|Win32
		{B749D347-9AA4-4DD7-8092-7EC484D4862F}.Release|x86.Build.0 = Release|Win32
	EndGlobalSection
	GlobalSection(SolutionProperties) = preSolution
		HideSolutionNode = FALSE
	EndGlobalSection
	GlobalSection(ExtensibilityGlobals) = postSolution
		SolutionGuid = {56F2E47B-5F5C-4A1F-B7B5-E8E7899C3BF2}
	EndGlobalSection
EndGlobal
